{
  "name": "@samvv/bolt",
  "version": "0.0.1",
  "lockfileVersion": 2,
  "requires": true,
  "packages": {
    "": {
      "name": "@samvv/bolt",
      "version": "0.0.1",
      "license": "MIT",
      "dependencies": {
        "commander": "^10.0.0",
        "source-map-support": "^0.5.21",
        "tslib": "^2.5.0",
        "yagl": "^0.5.1"
      },
      "bin": {
        "bolt": "lib/bin/bolt.js"
      },
      "devDependencies": {
        "@types/commonmark": "^0.27.6",
        "@types/glob": "^8.1.0",
        "@types/node": "^18.15.11",
        "@types/yargs": "^17.0.24",
        "commonmark": "^0.30.0",
        "glob": "^10.0.0"
      }
    },
    "node_modules/@types/commonmark": {
      "version": "0.27.6",
      "resolved": "https://registry.npmjs.org/@types/commonmark/-/commonmark-0.27.6.tgz",
      "integrity": "sha512-t3S2hOtSSuBp1H5PTFmekGFu9U9LBzGvHy93zHwusvj4RIGUrBQ4zHvw49CkJtAl6fZvsadKhYbv8WTxJLbBmw==",
      "dev": true
    },
    "node_modules/@types/glob": {
      "version": "8.1.0",
      "resolved": "https://registry.npmjs.org/@types/glob/-/glob-8.1.0.tgz",
      "integrity": "sha512-IO+MJPVhoqz+28h1qLAcBEH2+xHMK6MTyHJc7MTnnYb6wsoLR29POVGJ7LycmVXIqyy/4/2ShP5sUwTXuOwb/w==",
      "dev": true,
      "dependencies": {
        "@types/minimatch": "^5.1.2",
        "@types/node": "*"
      }
    },
    "node_modules/@types/minimatch": {
      "version": "5.1.2",
      "resolved": "https://registry.npmjs.org/@types/minimatch/-/minimatch-5.1.2.tgz",
      "integrity": "sha512-K0VQKziLUWkVKiRVrx4a40iPaxTUefQmjtkQofBkYRcoaaL/8rhwDWww9qWbrgicNOgnpIsMxyNIUM4+n6dUIA==",
      "dev": true
    },
    "node_modules/@types/node": {
      "version": "18.15.11",
      "resolved": "https://registry.npmjs.org/@types/node/-/node-18.15.11.tgz",
      "integrity": "sha512-E5Kwq2n4SbMzQOn6wnmBjuK9ouqlURrcZDVfbo9ftDDTFt3nk7ZKK4GMOzoYgnpQJKcxwQw+lGaBvvlMo0qN/Q==",
      "dev": true
    },
    "node_modules/@types/yargs": {
      "version": "17.0.24",
      "resolved": "https://registry.npmjs.org/@types/yargs/-/yargs-17.0.24.tgz",
      "integrity": "sha512-6i0aC7jV6QzQB8ne1joVZ0eSFIstHsCrobmOtghM11yGlH0j43FKL2UhWdELkyps0zuf7qVTUVCCR+tgSlyLLw==",
      "dev": true,
      "dependencies": {
        "@types/yargs-parser": "*"
      }
    },
    "node_modules/@types/yargs-parser": {
      "version": "20.2.1",
      "resolved": "https://registry.npmjs.org/@types/yargs-parser/-/yargs-parser-20.2.1.tgz",
      "integrity": "sha512-7tFImggNeNBVMsn0vLrpn1H1uPrUBdnARPTpZoitY37ZrdJREzf7I16tMrlK3hen349gr1NYh8CmZQa7CTG6Aw==",
      "dev": true
    },
    "node_modules/balanced-match": {
      "version": "1.0.2",
      "resolved": "https://registry.npmjs.org/balanced-match/-/balanced-match-1.0.2.tgz",
      "integrity": "sha512-3oSeUO0TMV67hN1AmbXsK4yaqU7tjiHlbxRDZOpH0KW9+CeX4bRAaX0Anxt0tx2MrpRpWwQaPwIlISEJhYU5Pw==",
      "dev": true
    },
    "node_modules/brace-expansion": {
      "version": "2.0.1",
      "resolved": "https://registry.npmjs.org/brace-expansion/-/brace-expansion-2.0.1.tgz",
      "integrity": "sha512-XnAIvQ8eM+kC6aULx6wuQiwVsnzsi9d3WxzV3FpWTGA19F621kwdbsAcFKXgKUHZWsy+mY6iL1sHTxWEFCytDA==",
      "dev": true,
      "dependencies": {
        "balanced-match": "^1.0.0"
      }
    },
    "node_modules/buffer-from": {
      "version": "1.1.2",
      "resolved": "https://registry.npmjs.org/buffer-from/-/buffer-from-1.1.2.tgz",
      "integrity": "sha512-E+XQCRwSbaaiChtv6k6Dwgc+bx+Bs6vuKJHHl5kox/BaKbhiXzqQOwK4cO22yElGp2OCmjwVhT3HmxgyPGnJfQ=="
    },
    "node_modules/commander": {
      "version": "10.0.0",
      "resolved": "https://registry.npmjs.org/commander/-/commander-10.0.0.tgz",
      "integrity": "sha512-zS5PnTI22FIRM6ylNW8G4Ap0IEOyk62fhLSD0+uHRT9McRCLGpkVNvao4bjimpK/GShynyQkFFxHhwMcETmduA==",
      "engines": {
        "node": ">=14"
      }
    },
    "node_modules/commonmark": {
      "version": "0.30.0",
      "resolved": "https://registry.npmjs.org/commonmark/-/commonmark-0.30.0.tgz",
      "integrity": "sha512-j1yoUo4gxPND1JWV9xj5ELih0yMv1iCWDG6eEQIPLSWLxzCXiFoyS7kvB+WwU+tZMf4snwJMMtaubV0laFpiBA==",
      "dev": true,
      "dependencies": {
        "entities": "~2.0",
        "mdurl": "~1.0.1",
        "minimist": ">=1.2.2",
        "string.prototype.repeat": "^0.2.0"
      },
      "bin": {
        "commonmark": "bin/commonmark"
      },
      "engines": {
        "node": "*"
      }
    },
    "node_modules/entities": {
      "version": "2.0.3",
      "resolved": "https://registry.npmjs.org/entities/-/entities-2.0.3.tgz",
      "integrity": "sha512-MyoZ0jgnLvB2X3Lg5HqpFmn1kybDiIfEQmKzTb5apr51Rb+T3KdmMiqa70T+bhGnyv7bQ6WMj2QMHpGMmlrUYQ==",
      "dev": true
    },
    "node_modules/fs.realpath": {
      "version": "1.0.0",
      "resolved": "https://registry.npmjs.org/fs.realpath/-/fs.realpath-1.0.0.tgz",
      "integrity": "sha512-OO0pH2lK6a0hZnAdau5ItzHPI6pUlvI7jMVnxUQRtw4owF2wk8lOSabtGDCTP4Ggrg2MbGnWO9X8K1t4+fGMDw==",
      "dev": true
    },
    "node_modules/glob": {
      "version": "10.0.0",
      "resolved": "https://registry.npmjs.org/glob/-/glob-10.0.0.tgz",
      "integrity": "sha512-zmp9ZDC6NpDNLujV2W2n+3lH+BafIVZ4/ct+Yj3BMZTH/+bgm/eVjHzeFLwxJrrIGgjjS2eiQLlpurHsNlEAtQ==",
      "dev": true,
      "dependencies": {
        "fs.realpath": "^1.0.0",
        "minimatch": "^9.0.0",
        "minipass": "^5.0.0",
        "path-scurry": "^1.6.4"
      },
      "engines": {
        "node": ">=16 || 14 >=14.17"
      },
      "funding": {
        "url": "https://github.com/sponsors/isaacs"
      }
    },
    "node_modules/lru-cache": {
      "version": "9.0.1",
      "resolved": "https://registry.npmjs.org/lru-cache/-/lru-cache-9.0.1.tgz",
      "integrity": "sha512-C8QsKIN1UIXeOs3iWmiZ1lQY+EnKDojWd37fXy1aSbJvH4iSma1uy2OWuoB3m4SYRli5+CUjDv3Dij5DVoetmg==",
      "dev": true,
      "engines": {
        "node": "14 || >=16.14"
      }
    },
    "node_modules/mdurl": {
      "version": "1.0.1",
      "resolved": "https://registry.npmjs.org/mdurl/-/mdurl-1.0.1.tgz",
      "integrity": "sha512-/sKlQJCBYVY9Ers9hqzKou4H6V5UWc/M59TH2dvkt+84itfnq7uFOMLpOiOS4ujvHP4etln18fmIxA5R5fll0g==",
      "dev": true
    },
    "node_modules/minimatch": {
      "version": "9.0.0",
      "resolved": "https://registry.npmjs.org/minimatch/-/minimatch-9.0.0.tgz",
      "integrity": "sha512-0jJj8AvgKqWN05mrwuqi8QYKx1WmYSUoKSxu5Qhs9prezTz10sxAHGNZe9J9cqIJzta8DWsleh2KaVaLl6Ru2w==",
      "dev": true,
      "dependencies": {
        "brace-expansion": "^2.0.1"
      },
      "engines": {
        "node": ">=16 || 14 >=14.17"
      },
      "funding": {
        "url": "https://github.com/sponsors/isaacs"
      }
    },
    "node_modules/minimist": {
      "version": "1.2.6",
      "resolved": "https://registry.npmjs.org/minimist/-/minimist-1.2.6.tgz",
      "integrity": "sha512-Jsjnk4bw3YJqYzbdyBiNsPWHPfO++UGG749Cxs6peCu5Xg4nrena6OVxOYxrQTqww0Jmwt+Ref8rggumkTLz9Q==",
      "dev": true
    },
    "node_modules/minipass": {
      "version": "5.0.0",
      "resolved": "https://registry.npmjs.org/minipass/-/minipass-5.0.0.tgz",
      "integrity": "sha512-3FnjYuehv9k6ovOEbyOswadCDPX1piCfhV8ncmYtHOjuPwylVWsghTLo7rabjC3Rx5xD4HDx8Wm1xnMF7S5qFQ==",
      "dev": true,
      "engines": {
        "node": ">=8"
      }
    },
    "node_modules/path-scurry": {
      "version": "1.6.4",
      "resolved": "https://registry.npmjs.org/path-scurry/-/path-scurry-1.6.4.tgz",
      "integrity": "sha512-Qp/9IHkdNiXJ3/Kon++At2nVpnhRiPq/aSvQN+H3U1WZbvNRK0RIQK/o4HMqPoXjpuGJUEWpHSs6Mnjxqh3TQg==",
      "dev": true,
      "dependencies": {
        "lru-cache": "^9.0.0",
        "minipass": "^5.0.0"
      },
      "engines": {
        "node": ">=16 || 14 >=14.17"
      },
      "funding": {
        "url": "https://github.com/sponsors/isaacs"
      }
    },
    "node_modules/source-map": {
      "version": "0.6.1",
      "resolved": "https://registry.npmjs.org/source-map/-/source-map-0.6.1.tgz",
      "integrity": "sha512-UjgapumWlbMhkBgzT7Ykc5YXUT46F0iKu8SGXq0bcwP5dz/h0Plj6enJqjz1Zbq2l5WaqYnrVbwWOWMyF3F47g==",
      "engines": {
        "node": ">=0.10.0"
      }
    },
    "node_modules/source-map-support": {
      "version": "0.5.21",
      "resolved": "https://registry.npmjs.org/source-map-support/-/source-map-support-0.5.21.tgz",
      "integrity": "sha512-uBHU3L3czsIyYXKX88fdrGovxdSCoTGDRZ6SYXtSRxLZUzHg5P/66Ht6uoUlHu9EZod+inXhKo3qQgwXUT/y1w==",
      "dependencies": {
        "buffer-from": "^1.0.0",
        "source-map": "^0.6.0"
      }
    },
    "node_modules/string.prototype.repeat": {
      "version": "0.2.0",
      "resolved": "https://registry.npmjs.org/string.prototype.repeat/-/string.prototype.repeat-0.2.0.tgz",
      "integrity": "sha512-1BH+X+1hSthZFW+X+JaUkjkkUPwIlLEMJBLANN3hOob3RhEk5snLWNECDnYbgn/m5c5JV7Ersu1Yubaf+05cIA==",
      "dev": true
    },
    "node_modules/tslib": {
      "version": "2.5.0",
      "resolved": "https://registry.npmjs.org/tslib/-/tslib-2.5.0.tgz",
      "integrity": "sha512-336iVw3rtn2BUK7ORdIAHTyxHGRIHVReokCR3XjbckJMK7ms8FysBfhLR8IXnAgy7T0PTPNBWKiH514FOW/WSg=="
    },
    "node_modules/yagl": {
      "version": "0.5.1",
      "resolved": "https://registry.npmjs.org/yagl/-/yagl-0.5.1.tgz",
      "integrity": "sha512-DfJygWCefAq5eEOmwvVkiMFBUEQJs9aijGdhaYGSdj1TM2OqSbe/Vp37e/nMGXsgmWiryZapKMOtpYx3ECUrJQ=="
    }
  },
  "dependencies": {
    "@types/commonmark": {
      "version": "0.27.6",
      "resolved": "https://registry.npmjs.org/@types/commonmark/-/commonmark-0.27.6.tgz",
      "integrity": "sha512-t3S2hOtSSuBp1H5PTFmekGFu9U9LBzGvHy93zHwusvj4RIGUrBQ4zHvw49CkJtAl6fZvsadKhYbv8WTxJLbBmw==",
      "dev": true
    },
    "@types/glob": {
      "version": "8.1.0",
      "resolved": "https://registry.npmjs.org/@types/glob/-/glob-8.1.0.tgz",
      "integrity": "sha512-IO+MJPVhoqz+28h1qLAcBEH2+xHMK6MTyHJc7MTnnYb6wsoLR29POVGJ7LycmVXIqyy/4/2ShP5sUwTXuOwb/w==",
      "dev": true,
      "requires": {
        "@types/minimatch": "^5.1.2",
        "@types/node": "*"
      }
    },
    "@types/minimatch": {
      "version": "5.1.2",
      "resolved": "https://registry.npmjs.org/@types/minimatch/-/minimatch-5.1.2.tgz",
      "integrity": "sha512-K0VQKziLUWkVKiRVrx4a40iPaxTUefQmjtkQofBkYRcoaaL/8rhwDWww9qWbrgicNOgnpIsMxyNIUM4+n6dUIA==",
      "dev": true
    },
    "@types/node": {
      "version": "18.15.11",
      "resolved": "https://registry.npmjs.org/@types/node/-/node-18.15.11.tgz",
      "integrity": "sha512-E5Kwq2n4SbMzQOn6wnmBjuK9ouqlURrcZDVfbo9ftDDTFt3nk7ZKK4GMOzoYgnpQJKcxwQw+lGaBvvlMo0qN/Q==",
      "dev": true
    },
    "@types/yargs": {
      "version": "17.0.24",
      "resolved": "https://registry.npmjs.org/@types/yargs/-/yargs-17.0.24.tgz",
      "integrity": "sha512-6i0aC7jV6QzQB8ne1joVZ0eSFIstHsCrobmOtghM11yGlH0j43FKL2UhWdELkyps0zuf7qVTUVCCR+tgSlyLLw==",
      "dev": true,
      "requires": {
        "@types/yargs-parser": "*"
      }
    },
    "@types/yargs-parser": {
      "version": "20.2.1",
      "resolved": "https://registry.npmjs.org/@types/yargs-parser/-/yargs-parser-20.2.1.tgz",
      "integrity": "sha512-7tFImggNeNBVMsn0vLrpn1H1uPrUBdnARPTpZoitY37ZrdJREzf7I16tMrlK3hen349gr1NYh8CmZQa7CTG6Aw==",
      "dev": true
    },
    "balanced-match": {
      "version": "1.0.2",
      "resolved": "https://registry.npmjs.org/balanced-match/-/balanced-match-1.0.2.tgz",
      "integrity": "sha512-3oSeUO0TMV67hN1AmbXsK4yaqU7tjiHlbxRDZOpH0KW9+CeX4bRAaX0Anxt0tx2MrpRpWwQaPwIlISEJhYU5Pw==",
      "dev": true
    },
    "brace-expansion": {
      "version": "2.0.1",
      "resolved": "https://registry.npmjs.org/brace-expansion/-/brace-expansion-2.0.1.tgz",
      "integrity": "sha512-XnAIvQ8eM+kC6aULx6wuQiwVsnzsi9d3WxzV3FpWTGA19F621kwdbsAcFKXgKUHZWsy+mY6iL1sHTxWEFCytDA==",
      "dev": true,
      "requires": {
        "balanced-match": "^1.0.0"
      }
    },
    "buffer-from": {
      "version": "1.1.2",
      "resolved": "https://registry.npmjs.org/buffer-from/-/buffer-from-1.1.2.tgz",
      "integrity": "sha512-E+XQCRwSbaaiChtv6k6Dwgc+bx+Bs6vuKJHHl5kox/BaKbhiXzqQOwK4cO22yElGp2OCmjwVhT3HmxgyPGnJfQ=="
    },
    "commander": {
      "version": "10.0.0",
      "resolved": "https://registry.npmjs.org/commander/-/commander-10.0.0.tgz",
      "integrity": "sha512-zS5PnTI22FIRM6ylNW8G4Ap0IEOyk62fhLSD0+uHRT9McRCLGpkVNvao4bjimpK/GShynyQkFFxHhwMcETmduA=="
    },
    "commonmark": {
      "version": "0.30.0",
      "resolved": "https://registry.npmjs.org/commonmark/-/commonmark-0.30.0.tgz",
      "integrity": "sha512-j1yoUo4gxPND1JWV9xj5ELih0yMv1iCWDG6eEQIPLSWLxzCXiFoyS7kvB+WwU+tZMf4snwJMMtaubV0laFpiBA==",
      "dev": true,
      "requires": {
        "entities": "~2.0",
        "mdurl": "~1.0.1",
        "minimist": ">=1.2.2",
        "string.prototype.repeat": "^0.2.0"
      }
    },
    "entities": {
      "version": "2.0.3",
      "resolved": "https://registry.npmjs.org/entities/-/entities-2.0.3.tgz",
      "integrity": "sha512-MyoZ0jgnLvB2X3Lg5HqpFmn1kybDiIfEQmKzTb5apr51Rb+T3KdmMiqa70T+bhGnyv7bQ6WMj2QMHpGMmlrUYQ==",
      "dev": true
    },
    "fs.realpath": {
      "version": "1.0.0",
      "resolved": "https://registry.npmjs.org/fs.realpath/-/fs.realpath-1.0.0.tgz",
      "integrity": "sha512-OO0pH2lK6a0hZnAdau5ItzHPI6pUlvI7jMVnxUQRtw4owF2wk8lOSabtGDCTP4Ggrg2MbGnWO9X8K1t4+fGMDw==",
      "dev": true
    },
    "glob": {
      "version": "10.0.0",
      "resolved": "https://registry.npmjs.org/glob/-/glob-10.0.0.tgz",
      "integrity": "sha512-zmp9ZDC6NpDNLujV2W2n+3lH+BafIVZ4/ct+Yj3BMZTH/+bgm/eVjHzeFLwxJrrIGgjjS2eiQLlpurHsNlEAtQ==",
      "dev": true,
      "requires": {
        "fs.realpath": "^1.0.0",
        "minimatch": "^9.0.0",
        "minipass": "^5.0.0",
        "path-scurry": "^1.6.4"
      }
    },
    "lru-cache": {
      "version": "9.0.1",
      "resolved": "https://registry.npmjs.org/lru-cache/-/lru-cache-9.0.1.tgz",
      "integrity": "sha512-C8QsKIN1UIXeOs3iWmiZ1lQY+EnKDojWd37fXy1aSbJvH4iSma1uy2OWuoB3m4SYRli5+CUjDv3Dij5DVoetmg==",
      "dev": true
    },
    "mdurl": {
      "version": "1.0.1",
      "resolved": "https://registry.npmjs.org/mdurl/-/mdurl-1.0.1.tgz",
      "integrity": "sha512-/sKlQJCBYVY9Ers9hqzKou4H6V5UWc/M59TH2dvkt+84itfnq7uFOMLpOiOS4ujvHP4etln18fmIxA5R5fll0g==",
      "dev": true
    },
    "minimatch": {
      "version": "9.0.0",
      "resolved": "https://registry.npmjs.org/minimatch/-/minimatch-9.0.0.tgz",
      "integrity": "sha512-0jJj8AvgKqWN05mrwuqi8QYKx1WmYSUoKSxu5Qhs9prezTz10sxAHGNZe9J9cqIJzta8DWsleh2KaVaLl6Ru2w==",
      "dev": true,
      "requires": {
        "brace-expansion": "^2.0.1"
      }
    },
    "minimist": {
      "version": "1.2.6",
      "resolved": "https://registry.npmjs.org/minimist/-/minimist-1.2.6.tgz",
      "integrity": "sha512-Jsjnk4bw3YJqYzbdyBiNsPWHPfO++UGG749Cxs6peCu5Xg4nrena6OVxOYxrQTqww0Jmwt+Ref8rggumkTLz9Q==",
      "dev": true
    },
    "minipass": {
      "version": "5.0.0",
      "resolved": "https://registry.npmjs.org/minipass/-/minipass-5.0.0.tgz",
      "integrity": "sha512-3FnjYuehv9k6ovOEbyOswadCDPX1piCfhV8ncmYtHOjuPwylVWsghTLo7rabjC3Rx5xD4HDx8Wm1xnMF7S5qFQ==",
      "dev": true
    },
    "path-scurry": {
      "version": "1.6.4",
      "resolved": "https://registry.npmjs.org/path-scurry/-/path-scurry-1.6.4.tgz",
      "integrity": "sha512-Qp/9IHkdNiXJ3/Kon++At2nVpnhRiPq/aSvQN+H3U1WZbvNRK0RIQK/o4HMqPoXjpuGJUEWpHSs6Mnjxqh3TQg==",
      "dev": true,
      "requires": {
        "lru-cache": "^9.0.0",
        "minipass": "^5.0.0"
      }
    },
    "source-map": {
      "version": "0.6.1",
      "resolved": "https://registry.npmjs.org/source-map/-/source-map-0.6.1.tgz",
      "integrity": "sha512-UjgapumWlbMhkBgzT7Ykc5YXUT46F0iKu8SGXq0bcwP5dz/h0Plj6enJqjz1Zbq2l5WaqYnrVbwWOWMyF3F47g=="
    },
    "source-map-support": {
      "version": "0.5.21",
      "resolved": "https://registry.npmjs.org/source-map-support/-/source-map-support-0.5.21.tgz",
      "integrity": "sha512-uBHU3L3czsIyYXKX88fdrGovxdSCoTGDRZ6SYXtSRxLZUzHg5P/66Ht6uoUlHu9EZod+inXhKo3qQgwXUT/y1w==",
      "requires": {
        "buffer-from": "^1.0.0",
        "source-map": "^0.6.0"
      }
    },
    "string.prototype.repeat": {
      "version": "0.2.0",
      "resolved": "https://registry.npmjs.org/string.prototype.repeat/-/string.prototype.repeat-0.2.0.tgz",
      "integrity": "sha512-1BH+X+1hSthZFW+X+JaUkjkkUPwIlLEMJBLANN3hOob3RhEk5snLWNECDnYbgn/m5c5JV7Ersu1Yubaf+05cIA==",
      "dev": true
    },
    "tslib": {
      "version": "2.5.0",
      "resolved": "https://registry.npmjs.org/tslib/-/tslib-2.5.0.tgz",
      "integrity": "sha512-336iVw3rtn2BUK7ORdIAHTyxHGRIHVReokCR3XjbckJMK7ms8FysBfhLR8IXnAgy7T0PTPNBWKiH514FOW/WSg=="
    },
    "yagl": {
      "version": "0.5.1",
      "resolved": "https://registry.npmjs.org/yagl/-/yagl-0.5.1.tgz",
      "integrity": "sha512-DfJygWCefAq5eEOmwvVkiMFBUEQJs9aijGdhaYGSdj1TM2OqSbe/Vp37e/nMGXsgmWiryZapKMOtpYx3ECUrJQ=="
    }
  }
}
